
Microsoft Visual Studio Solution File, Format Version 12.00
# Visual Studio Version 17
VisualStudioVersion = 17.11.35327.3
MinimumVisualStudioVersion = 10.0.40219.1
Project("{FAE04EC0-301F-11D3-BF4B-00C04F79EFBC}") = "Desafio 2", "Desafio 2\Desafio 2.csproj", "{965E4D01-ED7B-4E71-B2FE-FBB10719ED76}"
EndProject
Global
	GlobalSection(SolutionConfigurationPlatforms) = preSolution
		Debug|Any CPU = Debug|Any CPU
		Release|Any CPU = Release|Any CPU
	EndGlobalSection
	GlobalSection(ProjectConfigurationPlatforms) = postSolution
		{965E4D01-ED7B-4E71-B2FE-FBB10719ED76}.Debug|Any CPU.ActiveCfg = Debug|Any CPU
		{965E4D01-ED7B-4E71-B2FE-FBB10719ED76}.Debug|Any CPU.Build.0 = Debug|Any CPU
		{965E4D01-ED7B-4E71-B2FE-FBB10719ED76}.Release|Any CPU.ActiveCfg = Release|Any CPU
		{965E4D01-ED7B-4E71-B2FE-FBB10719ED76}.Release|Any CPU.Build.0 = Release|Any CPU
	EndGlobalSection
	GlobalSection(SolutionProperties) = preSolution
		HideSolutionNode = FALSE
	EndGlobalSection
	GlobalSection(ExtensibilityGlobals) = postSolution
		SolutionGuid = {F228BCEB-B7BB-48D8-9F36-B7E430B68C8E}
	EndGlobalSection
EndGlobal
